
Microsoft Visual Studio Solution File, Format Version 12.00
# Visual Studio Version 16
VisualStudioVersion = 16.0.31624.102
MinimumVisualStudioVersion = 10.0.40219.1
Project("{FAE04EC0-301F-11D3-BF4B-00C04F79EFBC}") = "OPI_Calculator", "OPI_Calculator\OPI_Calculator.csproj", "{28668037-617D-4D31-B281-39C52CE1954C}"
EndProject
Global
	GlobalSection(SolutionConfigurationPlatforms) = preSolution
		Debug|Any CPU = Debug|Any CPU
		Release|Any CPU = Release|Any CPU
	EndGlobalSection
	GlobalSection(ProjectConfigurationPlatforms) = postSolution
		{28668037-617D-4D31-B281-39C52CE1954C}.Debug|Any CPU.ActiveCfg = Debug|Any CPU
		{28668037-617D-4D31-B281-39C52CE1954C}.Debug|Any CPU.Build.0 = Debug|Any CPU
		{28668037-617D-4D31-B281-39C52CE1954C}.Release|Any CPU.ActiveCfg = Release|Any CPU
		{28668037-617D-4D31-B281-39C52CE1954C}.Release|Any CPU.Build.0 = Release|Any CPU
	EndGlobalSection
	GlobalSection(SolutionProperties) = preSolution
		HideSolutionNode = FALSE
	EndGlobalSection
	GlobalSection(ExtensibilityGlobals) = postSolution
		SolutionGuid = {317C372C-38AA-408B-98FC-4551705A6877}
	EndGlobalSection
EndGlobal
